<?xml version="1.0" encoding="UTF-8"?>
<CodeBlocks_project_file>
	<FileVersion major="1" minor="6"/>
	<Project>
		<Option title="01-hello"/>
		<Option makefile_is_custom="1"/>
		<Option compiler="gcc"/>
		<Option virtualFolders="CMake Files\;CMake Files\source\;CMake Files\libs\;"/>
		<Build>
			<Target title="all">
				<Option working_dir="/home/anton/Dev/repos/game-dev-course/build-01_hello-Desktop-Debug"/>
				<Option type="4"/>
				<MakeCommands>
					<Build command="/usr/bin/gmake -j2 -f &quot;/home/anton/Dev/repos/game-dev-course/build-01_hello-Desktop-Debug/Makefile&quot;  VERBOSE=1 all"/>
					<CompileFile command="/usr/bin/gmake -j2 -f &quot;/home/anton/Dev/repos/game-dev-course/build-01_hello-Desktop-Debug/Makefile&quot;  VERBOSE=1 &quot;$file&quot;"/>
					<Clean command="/usr/bin/gmake -j2 -f &quot;/home/anton/Dev/repos/game-dev-course/build-01_hello-Desktop-Debug/Makefile&quot;  VERBOSE=1 clean"/>
					<DistClean command="/usr/bin/gmake -j2 -f &quot;/home/anton/Dev/repos/game-dev-course/build-01_hello-Desktop-Debug/Makefile&quot;  VERBOSE=1 clean"/>
				</MakeCommands>
			</Target>
			<Target title="rebuild_cache">
				<Option working_dir="/home/anton/Dev/repos/game-dev-course/build-01_hello-Desktop-Debug"/>
				<Option type="4"/>
				<MakeCommands>
					<Build command="/usr/bin/gmake -j2 -f &quot;/home/anton/Dev/repos/game-dev-course/build-01_hello-Desktop-Debug/Makefile&quot;  VERBOSE=1 rebuild_cache"/>
					<CompileFile command="/usr/bin/gmake -j2 -f &quot;/home/anton/Dev/repos/game-dev-course/build-01_hello-Desktop-Debug/Makefile&quot;  VERBOSE=1 &quot;$file&quot;"/>
					<Clean command="/usr/bin/gmake -j2 -f &quot;/home/anton/Dev/repos/game-dev-course/build-01_hello-Desktop-Debug/Makefile&quot;  VERBOSE=1 clean"/>
					<DistClean command="/usr/bin/gmake -j2 -f &quot;/home/anton/Dev/repos/game-dev-course/build-01_hello-Desktop-Debug/Makefile&quot;  VERBOSE=1 clean"/>
				</MakeCommands>
			</Target>
			<Target title="install/strip">
				<Option working_dir="/home/anton/Dev/repos/game-dev-course/build-01_hello-Desktop-Debug"/>
				<Option type="4"/>
				<MakeCommands>
					<Build command="/usr/bin/gmake -j2 -f &quot;/home/anton/Dev/repos/game-dev-course/build-01_hello-Desktop-Debug/Makefile&quot;  VERBOSE=1 install/strip"/>
					<CompileFile command="/usr/bin/gmake -j2 -f &quot;/home/anton/Dev/repos/game-dev-course/build-01_hello-Desktop-Debug/Makefile&quot;  VERBOSE=1 &quot;$file&quot;"/>
					<Clean command="/usr/bin/gmake -j2 -f &quot;/home/anton/Dev/repos/game-dev-course/build-01_hello-Desktop-Debug/Makefile&quot;  VERBOSE=1 clean"/>
					<DistClean command="/usr/bin/gmake -j2 -f &quot;/home/anton/Dev/repos/game-dev-course/build-01_hello-Desktop-Debug/Makefile&quot;  VERBOSE=1 clean"/>
				</MakeCommands>
			</Target>
			<Target title="install/local">
				<Option working_dir="/home/anton/Dev/repos/game-dev-course/build-01_hello-Desktop-Debug"/>
				<Option type="4"/>
				<MakeCommands>
					<Build command="/usr/bin/gmake -j2 -f &quot;/home/anton/Dev/repos/game-dev-course/build-01_hello-Desktop-Debug/Makefile&quot;  VERBOSE=1 install/local"/>
					<CompileFile command="/usr/bin/gmake -j2 -f &quot;/home/anton/Dev/repos/game-dev-course/build-01_hello-Desktop-Debug/Makefile&quot;  VERBOSE=1 &quot;$file&quot;"/>
					<Clean command="/usr/bin/gmake -j2 -f &quot;/home/anton/Dev/repos/game-dev-course/build-01_hello-Desktop-Debug/Makefile&quot;  VERBOSE=1 clean"/>
					<DistClean command="/usr/bin/gmake -j2 -f &quot;/home/anton/Dev/repos/game-dev-course/build-01_hello-Desktop-Debug/Makefile&quot;  VERBOSE=1 clean"/>
				</MakeCommands>
			</Target>
			<Target title="edit_cache">
				<Option working_dir="/home/anton/Dev/repos/game-dev-course/build-01_hello-Desktop-Debug"/>
				<Option type="4"/>
				<MakeCommands>
					<Build command="/usr/bin/gmake -j2 -f &quot;/home/anton/Dev/repos/game-dev-course/build-01_hello-Desktop-Debug/Makefile&quot;  VERBOSE=1 edit_cache"/>
					<CompileFile command="/usr/bin/gmake -j2 -f &quot;/home/anton/Dev/repos/game-dev-course/build-01_hello-Desktop-Debug/Makefile&quot;  VERBOSE=1 &quot;$file&quot;"/>
					<Clean command="/usr/bin/gmake -j2 -f &quot;/home/anton/Dev/repos/game-dev-course/build-01_hello-Desktop-Debug/Makefile&quot;  VERBOSE=1 clean"/>
					<DistClean command="/usr/bin/gmake -j2 -f &quot;/home/anton/Dev/repos/game-dev-course/build-01_hello-Desktop-Debug/Makefile&quot;  VERBOSE=1 clean"/>
				</MakeCommands>
			</Target>
			<Target title="list_install_components">
				<Option working_dir="/home/anton/Dev/repos/game-dev-course/build-01_hello-Desktop-Debug"/>
				<Option type="4"/>
				<MakeCommands>
					<Build command="/usr/bin/gmake -j2 -f &quot;/home/anton/Dev/repos/game-dev-course/build-01_hello-Desktop-Debug/Makefile&quot;  VERBOSE=1 list_install_components"/>
					<CompileFile command="/usr/bin/gmake -j2 -f &quot;/home/anton/Dev/repos/game-dev-course/build-01_hello-Desktop-Debug/Makefile&quot;  VERBOSE=1 &quot;$file&quot;"/>
					<Clean command="/usr/bin/gmake -j2 -f &quot;/home/anton/Dev/repos/game-dev-course/build-01_hello-Desktop-Debug/Makefile&quot;  VERBOSE=1 clean"/>
					<DistClean command="/usr/bin/gmake -j2 -f &quot;/home/anton/Dev/repos/game-dev-course/build-01_hello-Desktop-Debug/Makefile&quot;  VERBOSE=1 clean"/>
				</MakeCommands>
			</Target>
			<Target title="install">
				<Option working_dir="/home/anton/Dev/repos/game-dev-course/build-01_hello-Desktop-Debug"/>
				<Option type="4"/>
				<MakeCommands>
					<Build command="/usr/bin/gmake -j2 -f &quot;/home/anton/Dev/repos/game-dev-course/build-01_hello-Desktop-Debug/Makefile&quot;  VERBOSE=1 install"/>
					<CompileFile command="/usr/bin/gmake -j2 -f &quot;/home/anton/Dev/repos/game-dev-course/build-01_hello-Desktop-Debug/Makefile&quot;  VERBOSE=1 &quot;$file&quot;"/>
					<Clean command="/usr/bin/gmake -j2 -f &quot;/home/anton/Dev/repos/game-dev-course/build-01_hello-Desktop-Debug/Makefile&quot;  VERBOSE=1 clean"/>
					<DistClean command="/usr/bin/gmake -j2 -f &quot;/home/anton/Dev/repos/game-dev-course/build-01_hello-Desktop-Debug/Makefile&quot;  VERBOSE=1 clean"/>
				</MakeCommands>
			</Target>
			<Target title="hello-bin-dynamic">
				<Option output="/home/anton/Dev/repos/game-dev-course/build-01_hello-Desktop-Debug/source/hello-bin-dynamic" prefix_auto="0" extension_auto="0"/>
				<Option working_dir="/home/anton/Dev/repos/game-dev-course/build-01_hello-Desktop-Debug/source"/>
				<Option object_output="./"/>
				<Option type="1"/>
				<Option compiler="gcc"/>
				<Compiler>
					<Add directory="/home/anton/Dev/repos/game-dev-course/01_hello/libs/headers"/>
					<Add directory="/usr/lib/gcc/x86_64-redhat-linux/9/../../../../include/c++/9"/>
					<Add directory="/usr/lib/gcc/x86_64-redhat-linux/9/../../../../include/c++/9/x86_64-redhat-linux"/>
					<Add directory="/usr/lib/gcc/x86_64-redhat-linux/9/../../../../include/c++/9/backward"/>
					<Add directory="/usr/lib/gcc/x86_64-redhat-linux/9/include"/>
					<Add directory="/usr/local/include"/>
					<Add directory="/usr/include"/>
				</Compiler>
				<MakeCommands>
					<Build command="/usr/bin/gmake -j2 -f &quot;/home/anton/Dev/repos/game-dev-course/build-01_hello-Desktop-Debug/source/Makefile&quot;  VERBOSE=1 hello-bin-dynamic"/>
					<CompileFile command="/usr/bin/gmake -j2 -f &quot;/home/anton/Dev/repos/game-dev-course/build-01_hello-Desktop-Debug/source/Makefile&quot;  VERBOSE=1 &quot;$file&quot;"/>
					<Clean command="/usr/bin/gmake -j2 -f &quot;/home/anton/Dev/repos/game-dev-course/build-01_hello-Desktop-Debug/source/Makefile&quot;  VERBOSE=1 clean"/>
					<DistClean command="/usr/bin/gmake -j2 -f &quot;/home/anton/Dev/repos/game-dev-course/build-01_hello-Desktop-Debug/source/Makefile&quot;  VERBOSE=1 clean"/>
				</MakeCommands>
			</Target>
			<Target title="hello-bin-dynamic/fast">
				<Option output="/home/anton/Dev/repos/game-dev-course/build-01_hello-Desktop-Debug/source/hello-bin-dynamic" prefix_auto="0" extension_auto="0"/>
				<Option working_dir="/home/anton/Dev/repos/game-dev-course/build-01_hello-Desktop-Debug/source"/>
				<Option object_output="./"/>
				<Option type="1"/>
				<Option compiler="gcc"/>
				<Compiler>
					<Add directory="/home/anton/Dev/repos/game-dev-course/01_hello/libs/headers"/>
					<Add directory="/usr/lib/gcc/x86_64-redhat-linux/9/../../../../include/c++/9"/>
					<Add directory="/usr/lib/gcc/x86_64-redhat-linux/9/../../../../include/c++/9/x86_64-redhat-linux"/>
					<Add directory="/usr/lib/gcc/x86_64-redhat-linux/9/../../../../include/c++/9/backward"/>
					<Add directory="/usr/lib/gcc/x86_64-redhat-linux/9/include"/>
					<Add directory="/usr/local/include"/>
					<Add directory="/usr/include"/>
				</Compiler>
				<MakeCommands>
					<Build command="/usr/bin/gmake -j2 -f &quot;/home/anton/Dev/repos/game-dev-course/build-01_hello-Desktop-Debug/source/Makefile&quot;  VERBOSE=1 hello-bin-dynamic/fast"/>
					<CompileFile command="/usr/bin/gmake -j2 -f &quot;/home/anton/Dev/repos/game-dev-course/build-01_hello-Desktop-Debug/source/Makefile&quot;  VERBOSE=1 &quot;$file&quot;"/>
					<Clean command="/usr/bin/gmake -j2 -f &quot;/home/anton/Dev/repos/game-dev-course/build-01_hello-Desktop-Debug/source/Makefile&quot;  VERBOSE=1 clean"/>
					<DistClean command="/usr/bin/gmake -j2 -f &quot;/home/anton/Dev/repos/game-dev-course/build-01_hello-Desktop-Debug/source/Makefile&quot;  VERBOSE=1 clean"/>
				</MakeCommands>
			</Target>
			<Target title="hello-bin-static">
				<Option output="/home/anton/Dev/repos/game-dev-course/build-01_hello-Desktop-Debug/source/hello-bin-static" prefix_auto="0" extension_auto="0"/>
				<Option working_dir="/home/anton/Dev/repos/game-dev-course/build-01_hello-Desktop-Debug/source"/>
				<Option object_output="./"/>
				<Option type="1"/>
				<Option compiler="gcc"/>
				<Compiler>
					<Add directory="/home/anton/Dev/repos/game-dev-course/01_hello/libs/headers"/>
					<Add directory="/usr/lib/gcc/x86_64-redhat-linux/9/../../../../include/c++/9"/>
					<Add directory="/usr/lib/gcc/x86_64-redhat-linux/9/../../../../include/c++/9/x86_64-redhat-linux"/>
					<Add directory="/usr/lib/gcc/x86_64-redhat-linux/9/../../../../include/c++/9/backward"/>
					<Add directory="/usr/lib/gcc/x86_64-redhat-linux/9/include"/>
					<Add directory="/usr/local/include"/>
					<Add directory="/usr/include"/>
				</Compiler>
				<MakeCommands>
					<Build command="/usr/bin/gmake -j2 -f &quot;/home/anton/Dev/repos/game-dev-course/build-01_hello-Desktop-Debug/source/Makefile&quot;  VERBOSE=1 hello-bin-static"/>
					<CompileFile command="/usr/bin/gmake -j2 -f &quot;/home/anton/Dev/repos/game-dev-course/build-01_hello-Desktop-Debug/source/Makefile&quot;  VERBOSE=1 &quot;$file&quot;"/>
					<Clean command="/usr/bin/gmake -j2 -f &quot;/home/anton/Dev/repos/game-dev-course/build-01_hello-Desktop-Debug/source/Makefile&quot;  VERBOSE=1 clean"/>
					<DistClean command="/usr/bin/gmake -j2 -f &quot;/home/anton/Dev/repos/game-dev-course/build-01_hello-Desktop-Debug/source/Makefile&quot;  VERBOSE=1 clean"/>
				</MakeCommands>
			</Target>
			<Target title="hello-bin-static/fast">
				<Option output="/home/anton/Dev/repos/game-dev-course/build-01_hello-Desktop-Debug/source/hello-bin-static" prefix_auto="0" extension_auto="0"/>
				<Option working_dir="/home/anton/Dev/repos/game-dev-course/build-01_hello-Desktop-Debug/source"/>
				<Option object_output="./"/>
				<Option type="1"/>
				<Option compiler="gcc"/>
				<Compiler>
					<Add directory="/home/anton/Dev/repos/game-dev-course/01_hello/libs/headers"/>
					<Add directory="/usr/lib/gcc/x86_64-redhat-linux/9/../../../../include/c++/9"/>
					<Add directory="/usr/lib/gcc/x86_64-redhat-linux/9/../../../../include/c++/9/x86_64-redhat-linux"/>
					<Add directory="/usr/lib/gcc/x86_64-redhat-linux/9/../../../../include/c++/9/backward"/>
					<Add directory="/usr/lib/gcc/x86_64-redhat-linux/9/include"/>
					<Add directory="/usr/local/include"/>
					<Add directory="/usr/include"/>
				</Compiler>
				<MakeCommands>
					<Build command="/usr/bin/gmake -j2 -f &quot;/home/anton/Dev/repos/game-dev-course/build-01_hello-Desktop-Debug/source/Makefile&quot;  VERBOSE=1 hello-bin-static/fast"/>
					<CompileFile command="/usr/bin/gmake -j2 -f &quot;/home/anton/Dev/repos/game-dev-course/build-01_hello-Desktop-Debug/source/Makefile&quot;  VERBOSE=1 &quot;$file&quot;"/>
					<Clean command="/usr/bin/gmake -j2 -f &quot;/home/anton/Dev/repos/game-dev-course/build-01_hello-Desktop-Debug/source/Makefile&quot;  VERBOSE=1 clean"/>
					<DistClean command="/usr/bin/gmake -j2 -f &quot;/home/anton/Dev/repos/game-dev-course/build-01_hello-Desktop-Debug/source/Makefile&quot;  VERBOSE=1 clean"/>
				</MakeCommands>
			</Target>
			<Target title="hello-lib-dynamic">
				<Option output="/home/anton/Dev/repos/game-dev-course/build-01_hello-Desktop-Debug/libs/libhello-lib-dynamic.so" prefix_auto="0" extension_auto="0"/>
				<Option working_dir="/home/anton/Dev/repos/game-dev-course/build-01_hello-Desktop-Debug/libs"/>
				<Option object_output="./"/>
				<Option type="3"/>
				<Option compiler="gcc"/>
				<Compiler>
					<Add directory="/home/anton/Dev/repos/game-dev-course/01_hello/libs/headers"/>
					<Add directory="/usr/lib/gcc/x86_64-redhat-linux/9/../../../../include/c++/9"/>
					<Add directory="/usr/lib/gcc/x86_64-redhat-linux/9/../../../../include/c++/9/x86_64-redhat-linux"/>
					<Add directory="/usr/lib/gcc/x86_64-redhat-linux/9/../../../../include/c++/9/backward"/>
					<Add directory="/usr/lib/gcc/x86_64-redhat-linux/9/include"/>
					<Add directory="/usr/local/include"/>
					<Add directory="/usr/include"/>
				</Compiler>
				<MakeCommands>
					<Build command="/usr/bin/gmake -j2 -f &quot;/home/anton/Dev/repos/game-dev-course/build-01_hello-Desktop-Debug/libs/Makefile&quot;  VERBOSE=1 hello-lib-dynamic"/>
					<CompileFile command="/usr/bin/gmake -j2 -f &quot;/home/anton/Dev/repos/game-dev-course/build-01_hello-Desktop-Debug/libs/Makefile&quot;  VERBOSE=1 &quot;$file&quot;"/>
					<Clean command="/usr/bin/gmake -j2 -f &quot;/home/anton/Dev/repos/game-dev-course/build-01_hello-Desktop-Debug/libs/Makefile&quot;  VERBOSE=1 clean"/>
					<DistClean command="/usr/bin/gmake -j2 -f &quot;/home/anton/Dev/repos/game-dev-course/build-01_hello-Desktop-Debug/libs/Makefile&quot;  VERBOSE=1 clean"/>
				</MakeCommands>
			</Target>
			<Target title="hello-lib-dynamic/fast">
				<Option output="/home/anton/Dev/repos/game-dev-course/build-01_hello-Desktop-Debug/libs/libhello-lib-dynamic.so" prefix_auto="0" extension_auto="0"/>
				<Option working_dir="/home/anton/Dev/repos/game-dev-course/build-01_hello-Desktop-Debug/libs"/>
				<Option object_output="./"/>
				<Option type="3"/>
				<Option compiler="gcc"/>
				<Compiler>
					<Add directory="/home/anton/Dev/repos/game-dev-course/01_hello/libs/headers"/>
					<Add directory="/usr/lib/gcc/x86_64-redhat-linux/9/../../../../include/c++/9"/>
					<Add directory="/usr/lib/gcc/x86_64-redhat-linux/9/../../../../include/c++/9/x86_64-redhat-linux"/>
					<Add directory="/usr/lib/gcc/x86_64-redhat-linux/9/../../../../include/c++/9/backward"/>
					<Add directory="/usr/lib/gcc/x86_64-redhat-linux/9/include"/>
					<Add directory="/usr/local/include"/>
					<Add directory="/usr/include"/>
				</Compiler>
				<MakeCommands>
					<Build command="/usr/bin/gmake -j2 -f &quot;/home/anton/Dev/repos/game-dev-course/build-01_hello-Desktop-Debug/libs/Makefile&quot;  VERBOSE=1 hello-lib-dynamic/fast"/>
					<CompileFile command="/usr/bin/gmake -j2 -f &quot;/home/anton/Dev/repos/game-dev-course/build-01_hello-Desktop-Debug/libs/Makefile&quot;  VERBOSE=1 &quot;$file&quot;"/>
					<Clean command="/usr/bin/gmake -j2 -f &quot;/home/anton/Dev/repos/game-dev-course/build-01_hello-Desktop-Debug/libs/Makefile&quot;  VERBOSE=1 clean"/>
					<DistClean command="/usr/bin/gmake -j2 -f &quot;/home/anton/Dev/repos/game-dev-course/build-01_hello-Desktop-Debug/libs/Makefile&quot;  VERBOSE=1 clean"/>
				</MakeCommands>
			</Target>
			<Target title="hello-lib-static">
				<Option output="/home/anton/Dev/repos/game-dev-course/build-01_hello-Desktop-Debug/libs/libhello-lib-static.a" prefix_auto="0" extension_auto="0"/>
				<Option working_dir="/home/anton/Dev/repos/game-dev-course/build-01_hello-Desktop-Debug/libs"/>
				<Option object_output="./"/>
				<Option type="2"/>
				<Option compiler="gcc"/>
				<Compiler>
					<Add directory="/home/anton/Dev/repos/game-dev-course/01_hello/libs/headers"/>
					<Add directory="/usr/lib/gcc/x86_64-redhat-linux/9/../../../../include/c++/9"/>
					<Add directory="/usr/lib/gcc/x86_64-redhat-linux/9/../../../../include/c++/9/x86_64-redhat-linux"/>
					<Add directory="/usr/lib/gcc/x86_64-redhat-linux/9/../../../../include/c++/9/backward"/>
					<Add directory="/usr/lib/gcc/x86_64-redhat-linux/9/include"/>
					<Add directory="/usr/local/include"/>
					<Add directory="/usr/include"/>
				</Compiler>
				<MakeCommands>
					<Build command="/usr/bin/gmake -j2 -f &quot;/home/anton/Dev/repos/game-dev-course/build-01_hello-Desktop-Debug/libs/Makefile&quot;  VERBOSE=1 hello-lib-static"/>
					<CompileFile command="/usr/bin/gmake -j2 -f &quot;/home/anton/Dev/repos/game-dev-course/build-01_hello-Desktop-Debug/libs/Makefile&quot;  VERBOSE=1 &quot;$file&quot;"/>
					<Clean command="/usr/bin/gmake -j2 -f &quot;/home/anton/Dev/repos/game-dev-course/build-01_hello-Desktop-Debug/libs/Makefile&quot;  VERBOSE=1 clean"/>
					<DistClean command="/usr/bin/gmake -j2 -f &quot;/home/anton/Dev/repos/game-dev-course/build-01_hello-Desktop-Debug/libs/Makefile&quot;  VERBOSE=1 clean"/>
				</MakeCommands>
			</Target>
			<Target title="hello-lib-static/fast">
				<Option output="/home/anton/Dev/repos/game-dev-course/build-01_hello-Desktop-Debug/libs/libhello-lib-static.a" prefix_auto="0" extension_auto="0"/>
				<Option working_dir="/home/anton/Dev/repos/game-dev-course/build-01_hello-Desktop-Debug/libs"/>
				<Option object_output="./"/>
				<Option type="2"/>
				<Option compiler="gcc"/>
				<Compiler>
					<Add directory="/home/anton/Dev/repos/game-dev-course/01_hello/libs/headers"/>
					<Add directory="/usr/lib/gcc/x86_64-redhat-linux/9/../../../../include/c++/9"/>
					<Add directory="/usr/lib/gcc/x86_64-redhat-linux/9/../../../../include/c++/9/x86_64-redhat-linux"/>
					<Add directory="/usr/lib/gcc/x86_64-redhat-linux/9/../../../../include/c++/9/backward"/>
					<Add directory="/usr/lib/gcc/x86_64-redhat-linux/9/include"/>
					<Add directory="/usr/local/include"/>
					<Add directory="/usr/include"/>
				</Compiler>
				<MakeCommands>
					<Build command="/usr/bin/gmake -j2 -f &quot;/home/anton/Dev/repos/game-dev-course/build-01_hello-Desktop-Debug/libs/Makefile&quot;  VERBOSE=1 hello-lib-static/fast"/>
					<CompileFile command="/usr/bin/gmake -j2 -f &quot;/home/anton/Dev/repos/game-dev-course/build-01_hello-Desktop-Debug/libs/Makefile&quot;  VERBOSE=1 &quot;$file&quot;"/>
					<Clean command="/usr/bin/gmake -j2 -f &quot;/home/anton/Dev/repos/game-dev-course/build-01_hello-Desktop-Debug/libs/Makefile&quot;  VERBOSE=1 clean"/>
					<DistClean command="/usr/bin/gmake -j2 -f &quot;/home/anton/Dev/repos/game-dev-course/build-01_hello-Desktop-Debug/libs/Makefile&quot;  VERBOSE=1 clean"/>
				</MakeCommands>
			</Target>
		</Build>
		<Unit filename="/home/anton/Dev/repos/game-dev-course/01_hello/libs/headers/hello.h">
			<Option target="hello-lib-dynamic"/>
			<Option target="hello-lib-static"/>
		</Unit>
		<Unit filename="/home/anton/Dev/repos/game-dev-course/01_hello/libs/source/hello.cxx">
			<Option target="hello-lib-dynamic"/>
			<Option target="hello-lib-static"/>
		</Unit>
		<Unit filename="/home/anton/Dev/repos/game-dev-course/01_hello/source/main.cxx">
			<Option target="hello-bin-dynamic"/>
			<Option target="hello-bin-static"/>
		</Unit>
		<Unit filename="/home/anton/Dev/repos/game-dev-course/01_hello/CMakeLists.txt">
			<Option virtualFolder="CMake Files\"/>
		</Unit>
		<Unit filename="/home/anton/Dev/repos/game-dev-course/01_hello/source/CMakeLists.txt">
			<Option virtualFolder="CMake Files\source\"/>
		</Unit>
		<Unit filename="/home/anton/Dev/repos/game-dev-course/01_hello/libs/CMakeLists.txt">
			<Option virtualFolder="CMake Files\libs\"/>
		</Unit>
	</Project>
</CodeBlocks_project_file>
